%{"ecto": {:package, "0.2.1"},
  "exprintf": {:package, "0.1.5"},
  "exprof": {:git, "git://github.com/parroty/exprof.git", "228db821b639c81b71aee5f1773f3fdde582cbf3", [tag: "v0.1.3"]},
  "exskel": {:git, "git://github.com/rob-brown/ExSkel.git", "4dfdd522d5ae83118d32ebb6c975e4e0449b15d7", [tag: "0.0.1"]},
  "poolboy": {:package, "1.2.1"},
  "skel": {:git, "git@github.com:ParaPhrase/skel.git", "939af7520927c12c968a9f9fc3158e54b8d49e07", []}}
